{
  "name": "holmesgpt",
  "lockfileVersion": 3,
  "requires": true,
  "packages": {
    "": {
      "dependencies": {
        "@azure/mcp": "^2.0.0-beta.10"
      }
    },
    "node_modules/@azure/mcp": {
      "version": "2.0.0-beta.10",
      "resolved": "https://registry.npmjs.org/@azure/mcp/-/mcp-2.0.0-beta.10.tgz",
      "integrity": "sha512-i1xaehBhvw1xhAh11usYAnrdxQcZ0lViZhn+ftl4oTfkcKmHeW/CKsfKzOB7tLcJT51aYfsSyU+1Ywc5uQtEHw==",
      "cpu": [
        "x64",
        "arm64"
      ],
      "hasInstallScript": true,
      "license": "MIT",
      "os": [
        "linux",
        "darwin",
        "win32"
      ],
      "bin": {
        "azmcp": "index.js"
      },
      "engines": {
        "node": ">=20.0.0"
      },
      "optionalDependencies": {
        "@azure/mcp-darwin-arm64": "2.0.0-beta.10",
        "@azure/mcp-darwin-x64": "2.0.0-beta.10",
        "@azure/mcp-linux-arm64": "2.0.0-beta.10",
        "@azure/mcp-linux-x64": "2.0.0-beta.10",
        "@azure/mcp-win32-arm64": "2.0.0-beta.10",
        "@azure/mcp-win32-x64": "2.0.0-beta.10"
      }
    },
    "node_modules/@azure/mcp-darwin-arm64": {
      "version": "2.0.0-beta.10",
      "resolved": "https://registry.npmjs.org/@azure/mcp-darwin-arm64/-/mcp-darwin-arm64-2.0.0-beta.10.tgz",
      "integrity": "sha512-IwfQJCFy/JfJkIvhbTFDqZFtE4pJ4BmGjgUHuV2SMk7zFV3iXrT9GeWbzPuOQn97FDZOnSNiU2bhBcjMMsm1Iw==",
      "cpu": [
        "arm64"
      ],
      "license": "MIT",
      "optional": true,
      "os": [
        "darwin"
      ],
      "bin": {
        "azmcp-darwin-arm64": "dist/azmcp"
      },
      "engines": {
        "node": ">=20.0.0"
      }
    },
    "node_modules/@azure/mcp-darwin-x64": {
      "version": "2.0.0-beta.10",
      "resolved": "https://registry.npmjs.org/@azure/mcp-darwin-x64/-/mcp-darwin-x64-2.0.0-beta.10.tgz",
      "integrity": "sha512-2fqhAztyI/Lpypdvzk6LLWGRxC152P6QPorHuqQtOpP44y+xj5byX906Ylkg4QNZpL11Z86sG0a7yAS5M341Gg==",
      "cpu": [
        "x64"
      ],
      "license": "MIT",
      "optional": true,
      "os": [
        "darwin"
      ],
      "bin": {
        "azmcp-darwin-x64": "dist/azmcp"
      },
      "engines": {
        "node": ">=20.0.0"
      }
    },
    "node_modules/@azure/mcp-linux-arm64": {
      "version": "2.0.0-beta.10",
      "resolved": "https://registry.npmjs.org/@azure/mcp-linux-arm64/-/mcp-linux-arm64-2.0.0-beta.10.tgz",
      "integrity": "sha512-VEJfvx/PMiI/WCnBlPQg1hSlAclclw6neEU+ITbBYREQkX6XHf9HarKxKIpKOIygXE3ui2bSoM8/X+BiwMjW3Q==",
      "cpu": [
        "arm64"
      ],
      "license": "MIT",
      "optional": true,
      "os": [
        "linux"
      ],
      "bin": {
        "azmcp-linux-arm64": "dist/azmcp"
      },
      "engines": {
        "node": ">=20.0.0"
      }
    },
    "node_modules/@azure/mcp-linux-x64": {
      "version": "2.0.0-beta.10",
      "resolved": "https://registry.npmjs.org/@azure/mcp-linux-x64/-/mcp-linux-x64-2.0.0-beta.10.tgz",
      "integrity": "sha512-dEjqyztL6VbZMxaNO4peuWRhQ3hNcZazH+mqKbBbUiPKbTyuSFGPuNqMHqthu0OU0MqNCI9m/m+espdlNNk7cQ==",
      "cpu": [
        "x64"
      ],
      "license": "MIT",
      "optional": true,
      "os": [
        "linux"
      ],
      "bin": {
        "azmcp-linux-x64": "dist/azmcp"
      },
      "engines": {
        "node": ">=20.0.0"
      }
    },
    "node_modules/@azure/mcp-win32-arm64": {
      "version": "2.0.0-beta.10",
      "resolved": "https://registry.npmjs.org/@azure/mcp-win32-arm64/-/mcp-win32-arm64-2.0.0-beta.10.tgz",
      "integrity": "sha512-iOA1wS/lcMWy1KLw+jIHP6eAkG2kP7n9AGUYPBh/0X+3kTtKIMSIx85GqVa7I9pO3bbzq9/1dC2RVLooij2qfQ==",
      "cpu": [
        "arm64"
      ],
      "license": "MIT",
      "optional": true,
      "os": [
        "win32"
      ],
      "bin": {
        "azmcp-win32-arm64": "dist/azmcp.exe"
      },
      "engines": {
        "node": ">=20.0.0"
      }
    },
    "node_modules/@azure/mcp-win32-x64": {
      "version": "2.0.0-beta.10",
      "resolved": "https://registry.npmjs.org/@azure/mcp-win32-x64/-/mcp-win32-x64-2.0.0-beta.10.tgz",
      "integrity": "sha512-iuy+GtPC12mjXSwNOYCMtmVYQu+3FHSxYofXTsI3Kdwckb+h4UlGnTDiT/AuMo+BNiUHKnyH7MD4hkRmKlaqsA==",
      "cpu": [
        "x64"
      ],
      "license": "MIT",
      "optional": true,
      "os": [
        "win32"
      ],
      "bin": {
        "azmcp-win32-x64": "dist/azmcp.exe"
      },
      "engines": {
        "node": ">=20.0.0"
      }
    }
  }
}
